
Microsoft Visual Studio Solution File, Format Version 12.00
# Visual Studio Version 16
VisualStudioVersion = 16.0.29230.47
MinimumVisualStudioVersion = 10.0.40219.1
Project("{FAE04EC0-301F-11D3-BF4B-00C04F79EFBC}") = "Cartography", "Cartography.csproj", "{F0E47AD8-FE1F-4F86-9BD8-68EDC27767A3}"
EndProject
Global
	GlobalSection(SolutionConfigurationPlatforms) = preSolution
		Debug|Any CPU = Debug|Any CPU
		Release|Any CPU = Release|Any CPU
	EndGlobalSection
	GlobalSection(ProjectConfigurationPlatforms) = postSolution
		{F0E47AD8-FE1F-4F86-9BD8-68EDC27767A3}.Debug|Any CPU.ActiveCfg = Debug|Any CPU
		{F0E47AD8-FE1F-4F86-9BD8-68EDC27767A3}.Debug|Any CPU.Build.0 = Debug|Any CPU
		{F0E47AD8-FE1F-4F86-9BD8-68EDC27767A3}.Release|Any CPU.ActiveCfg = Release|Any CPU
		{F0E47AD8-FE1F-4F86-9BD8-68EDC27767A3}.Release|Any CPU.Build.0 = Release|Any CPU
	EndGlobalSection
	GlobalSection(SolutionProperties) = preSolution
		HideSolutionNode = FALSE
	EndGlobalSection
	GlobalSection(ExtensibilityGlobals) = postSolution
		SolutionGuid = {715AD6FC-D7F8-4888-8318-1254A0261FB5}
	EndGlobalSection
EndGlobal
